
Microsoft Visual Studio Solution File, Format Version 12.00
# Visual Studio Version 17
VisualStudioVersion = 17.12.35527.113 d17.12
MinimumVisualStudioVersion = 10.0.40219.1
Project("{FAE04EC0-301F-11D3-BF4B-00C04F79EFBC}") = "MyLibraryWebsite", "MyLibraryWebsite.csproj", "{875E4681-E6A3-4119-AD1A-D342C67EBB56}"
	ProjectSection(ProjectDependencies) = postProject
		{1832AB1C-B80C-4618-BB45-0522DE48D3A5} = {1832AB1C-B80C-4618-BB45-0522DE48D3A5}
	EndProjectSection
EndProject
Project("{FAE04EC0-301F-11D3-BF4B-00C04F79EFBC}") = "MyLibraryWebsite.BAL", "..\MyLibraryWebsite.BAL\MyLibraryWebsite.BAL.csproj", "{1832AB1C-B80C-4618-BB45-0522DE48D3A5}"
	ProjectSection(ProjectDependencies) = postProject
		{3559FB46-99DB-4857-B2FD-A038174808D7} = {3559FB46-99DB-4857-B2FD-A038174808D7}
	EndProjectSection
EndProject
Project("{FAE04EC0-301F-11D3-BF4B-00C04F79EFBC}") = "MyLibraryWebsite.DAL", "..\MyLibraryWebsite.DAL\MyLibraryWebsite.DAL.csproj", "{3559FB46-99DB-4857-B2FD-A038174808D7}"
EndProject
Global
	GlobalSection(SolutionConfigurationPlatforms) = preSolution
		Debug|Any CPU = Debug|Any CPU
		Release|Any CPU = Release|Any CPU
	EndGlobalSection
	GlobalSection(ProjectConfigurationPlatforms) = postSolution
		{875E4681-E6A3-4119-AD1A-D342C67EBB56}.Debug|Any CPU.ActiveCfg = Debug|Any CPU
		{875E4681-E6A3-4119-AD1A-D342C67EBB56}.Debug|Any CPU.Build.0 = Debug|Any CPU
		{875E4681-E6A3-4119-AD1A-D342C67EBB56}.Release|Any CPU.ActiveCfg = Release|Any CPU
		{875E4681-E6A3-4119-AD1A-D342C67EBB56}.Release|Any CPU.Build.0 = Release|Any CPU
		{1832AB1C-B80C-4618-BB45-0522DE48D3A5}.Debug|Any CPU.ActiveCfg = Debug|Any CPU
		{1832AB1C-B80C-4618-BB45-0522DE48D3A5}.Debug|Any CPU.Build.0 = Debug|Any CPU
		{1832AB1C-B80C-4618-BB45-0522DE48D3A5}.Release|Any CPU.ActiveCfg = Release|Any CPU
		{1832AB1C-B80C-4618-BB45-0522DE48D3A5}.Release|Any CPU.Build.0 = Release|Any CPU
		{3559FB46-99DB-4857-B2FD-A038174808D7}.Debug|Any CPU.ActiveCfg = Debug|Any CPU
		{3559FB46-99DB-4857-B2FD-A038174808D7}.Debug|Any CPU.Build.0 = Debug|Any CPU
		{3559FB46-99DB-4857-B2FD-A038174808D7}.Release|Any CPU.ActiveCfg = Release|Any CPU
		{3559FB46-99DB-4857-B2FD-A038174808D7}.Release|Any CPU.Build.0 = Release|Any CPU
	EndGlobalSection
	GlobalSection(SolutionProperties) = preSolution
		HideSolutionNode = FALSE
	EndGlobalSection
EndGlobal
